<?xml version="1.0" encoding="utf-8"?>
<Project ToolsVersion="4.0" xmlns="http://schemas.microsoft.com/developer/msbuild/2003">
  <ItemGroup>
    <Filter Include="Common">
      <UniqueIdentifier>b14d0430-50b4-42dd-9501-2a03d43e358f</UniqueIdentifier>
    </Filter>
    <Filter Include="Assets">
      <UniqueIdentifier>a31495b3-ac81-43ee-bf70-0405a8707493</UniqueIdentifier>
      <Extensions>ico;cur;bmp;dds;dlg;fbx;rct;bin;rgs;gif;jpg;jpeg;jpe;resx;tga;tiff;tif;png;wav;mfcribbon-ms</Extensions>
    </Filter>
  </ItemGroup>
  <ItemGroup>
    <ClInclude Include="Common\pch.h" />
    <ClInclude Include="Game.h" />
    <ClInclude Include="Common\StepTimer.h">
      <Filter>Common</Filter>
    </ClInclude>
    <ClInclude Include="Common\DeviceResources.h">
      <Filter>Common</Filter>
    </ClInclude>
    <ClInclude Include="Camera.h" />
    <ClInclude Include="Transform.h" />
    <ClInclude Include="Model.h" />
    <ClInclude Include="ModelManager.h" />
    <ClInclude Include="HitDetection\BaseHitDetection.h" />
    <ClInclude Include="HitDetection\SphereHitDetection.h" />
    <ClInclude Include="TransformUIDebugView.h" />
    <ClInclude Include="HitDetection\HitDetectionDebugView.h" />
    <ClInclude Include="Mesh.h" />
    <ClInclude Include="IComponentUIDebugView.h" />
    <ClInclude Include="MeshUIDebugView.h" />
    <ClInclude Include="LightUIDebugView.h" />
    <ClInclude Include="ImGuiD3Utils.h" />
    <ClInclude Include="TankModel.h" />
    <ClInclude Include="Bullet.h" />
  </ItemGroup>
  <ItemGroup>
    <ClCompile Include="Common\pch.cpp" />
    <ClCompile Include="Game.cpp" />
    <ClCompile Include="Main.cpp" />
    <ClCompile Include="Common\DeviceResources.cpp">
      <Filter>Common</Filter>
    </ClCompile>
    <ClCompile Include="Camera.cpp" />
    <ClCompile Include="Transform.cpp" />
    <ClCompile Include="Model.cpp" />
    <ClCompile Include="ModelManager.cpp" />
    <ClCompile Include="HitDetection\BaseHitDetection.cpp" />
    <ClCompile Include="HitDetection\SphereHitDetection.cpp" />
    <ClCompile Include="Mesh.cpp" />
  </ItemGroup>
  <ItemGroup>
    <ResourceCompile Include="Assets\resource.rc" />
  </ItemGroup>
  <ItemGroup>
    <Image Include="Assets\directx.ico">
      <Filter>Assets</Filter>
    </Image>
  </ItemGroup>
  <ItemGroup>
    <Manifest Include="Assets\settings.manifest">
      <Filter>Assets</Filter>
    </Manifest>
  </ItemGroup>
  <ItemGroup>
    <FxCompile Include="Shader\PixelShader.hlsl" />
    <FxCompile Include="Shader\VertexShader.hlsl" />
  </ItemGroup>
</Project>